
Microsoft Visual Studio Solution File, Format Version 12.00
# Visual Studio Version 16
VisualStudioVersion = 16.0.29709.97
MinimumVisualStudioVersion = 10.0.40219.1
Project("{FAE04EC0-301F-11D3-BF4B-00C04F79EFBC}") = "Pool1", "Pool1\Pool1.csproj", "{B1E78A8D-9A76-4387-9AAD-CDC317450C95}"
EndProject
Project("{FAE04EC0-301F-11D3-BF4B-00C04F79EFBC}") = "Pool2", "Pool2\Pool2.csproj", "{4D9E5410-C9EB-48A6-BF87-F720E78024C6}"
EndProject
Global
	GlobalSection(SolutionConfigurationPlatforms) = preSolution
		Debug|Any CPU = Debug|Any CPU
		Release|Any CPU = Release|Any CPU
	EndGlobalSection
	GlobalSection(ProjectConfigurationPlatforms) = postSolution
		{B1E78A8D-9A76-4387-9AAD-CDC317450C95}.Debug|Any CPU.ActiveCfg = Debug|Any CPU
		{B1E78A8D-9A76-4387-9AAD-CDC317450C95}.Debug|Any CPU.Build.0 = Debug|Any CPU
		{B1E78A8D-9A76-4387-9AAD-CDC317450C95}.Release|Any CPU.ActiveCfg = Release|Any CPU
		{B1E78A8D-9A76-4387-9AAD-CDC317450C95}.Release|Any CPU.Build.0 = Release|Any CPU
		{4D9E5410-C9EB-48A6-BF87-F720E78024C6}.Debug|Any CPU.ActiveCfg = Debug|Any CPU
		{4D9E5410-C9EB-48A6-BF87-F720E78024C6}.Debug|Any CPU.Build.0 = Debug|Any CPU
		{4D9E5410-C9EB-48A6-BF87-F720E78024C6}.Release|Any CPU.ActiveCfg = Release|Any CPU
		{4D9E5410-C9EB-48A6-BF87-F720E78024C6}.Release|Any CPU.Build.0 = Release|Any CPU
	EndGlobalSection
	GlobalSection(SolutionProperties) = preSolution
		HideSolutionNode = FALSE
	EndGlobalSection
	GlobalSection(ExtensibilityGlobals) = postSolution
		SolutionGuid = {18FD85B4-037C-4F7A-A4C0-DD4D386E0096}
	EndGlobalSection
EndGlobal
